{
  "name": "hsd-bweb-log",
  "version": "0.0.3",
  "lockfileVersion": 2,
  "requires": true,
  "packages": {
    "": {
      "name": "hsd-bweb-log",
      "version": "0.0.3",
      "license": "MIT",
      "dependencies": {
        "bfile": "^0.2.2",
        "bsert": "^0.0.10",
        "bval": "^0.1.8"
      },
      "devDependencies": {
        "@hns-dev/bsdoc": "^1.1.1"
      },
      "engines": {
        "node": ">=14.0.0"
      }
    },
    "node_modules/@hns-dev/bsdoc": {
      "version": "1.1.2",
      "resolved": "https://registry.npmjs.org/@hns-dev/bsdoc/-/bsdoc-1.1.2.tgz",
      "integrity": "sha512-lf5Gt9fmZKNhz/XO9x1JFmRslS0CKO7n61lKNujgcCehyu/JenjYJ7ue3FZUmXU6SwF5K6+FZ7G8baFfrcsnaw==",
      "dev": true,
      "bin": {
        "jsdoc": "jsdoc"
      }
    },
    "node_modules/bfile": {
      "version": "0.2.2",
      "resolved": "https://registry.npmjs.org/bfile/-/bfile-0.2.2.tgz",
      "integrity": "sha512-X205SsJ7zFAnjeJ/pBLqDqF10x/4Su3pBy8UdVKw4hdGJk7t5pLoRi+uG4rPaDAClGbrEfT/06PGUbYiMYKzTg==",
      "engines": {
        "node": ">=8.0.0"
      }
    },
    "node_modules/bsert": {
      "version": "0.0.10",
      "resolved": "https://registry.npmjs.org/bsert/-/bsert-0.0.10.tgz",
      "integrity": "sha512-NHNwlac+WPy4t2LoNh8pXk8uaIGH3NSaIUbTTRXGpE2WEbq0te/tDykYHkFK57YKLPjv/aGHmbqvnGeVWDz57Q==",
      "engines": {
        "node": ">=8.0.0"
      }
    },
    "node_modules/bval": {
      "version": "0.1.8",
      "resolved": "https://registry.npmjs.org/bval/-/bval-0.1.8.tgz",
      "integrity": "sha512-38WQyq94sgKaJbHSmkOwZqba6Ac0KIKPO0SMDNg/mCcwUos2NIrMg5Bb2LkzIer+RzS186IYusNeSrJrKdaqhA==",
      "dependencies": {
        "bsert": "~0.0.10"
      },
      "engines": {
        "node": ">=8.0.0"
      }
    }
  },
  "dependencies": {
    "@hns-dev/bsdoc": {
      "version": "1.1.2",
      "resolved": "https://registry.npmjs.org/@hns-dev/bsdoc/-/bsdoc-1.1.2.tgz",
      "integrity": "sha512-lf5Gt9fmZKNhz/XO9x1JFmRslS0CKO7n61lKNujgcCehyu/JenjYJ7ue3FZUmXU6SwF5K6+FZ7G8baFfrcsnaw==",
      "dev": true
    },
    "bfile": {
      "version": "0.2.2",
      "resolved": "https://registry.npmjs.org/bfile/-/bfile-0.2.2.tgz",
      "integrity": "sha512-X205SsJ7zFAnjeJ/pBLqDqF10x/4Su3pBy8UdVKw4hdGJk7t5pLoRi+uG4rPaDAClGbrEfT/06PGUbYiMYKzTg=="
    },
    "bsert": {
      "version": "0.0.10",
      "resolved": "https://registry.npmjs.org/bsert/-/bsert-0.0.10.tgz",
      "integrity": "sha512-NHNwlac+WPy4t2LoNh8pXk8uaIGH3NSaIUbTTRXGpE2WEbq0te/tDykYHkFK57YKLPjv/aGHmbqvnGeVWDz57Q=="
    },
    "bval": {
      "version": "0.1.8",
      "resolved": "https://registry.npmjs.org/bval/-/bval-0.1.8.tgz",
      "integrity": "sha512-38WQyq94sgKaJbHSmkOwZqba6Ac0KIKPO0SMDNg/mCcwUos2NIrMg5Bb2LkzIer+RzS186IYusNeSrJrKdaqhA==",
      "requires": {
        "bsert": "~0.0.10"
      }
    }
  }
}
